
Microsoft Visual Studio Solution File, Format Version 12.00
# Visual Studio Version 16
VisualStudioVersion = 16.0.29613.14
MinimumVisualStudioVersion = 10.0.40219.1
Project("{9A19103F-16F7-4668-BE54-9A1E7A4F7556}") = "Authentication.Api", "Api\Authentication.Api.csproj", "{2B2CF34D-66F5-42E2-9E97-41D91973D2B6}"
EndProject
Project("{2150E333-8FDC-42A3-9474-1A3956D46DE8}") = "Solution Items", "Solution Items", "{308EA8A2-AAE9-4F9A-8FA7-364385112742}"
	ProjectSection(SolutionItems) = preProject
		.editorconfig = .editorconfig
		.gitignore = .gitignore
		deeprog.png = deeprog.png
		NuGet.Config = NuGet.Config
		README.md = README.md
		stylecop.json = stylecop.json
	EndProjectSection
EndProject
Project("{9A19103F-16F7-4668-BE54-9A1E7A4F7556}") = "Authentication.Api.Tests", "Api.Tests\Authentication.Api.Tests.csproj", "{E83DD48B-309B-40E4-9506-21CC04EB5462}"
EndProject
Global
	GlobalSection(SolutionConfigurationPlatforms) = preSolution
		Debug|Any CPU = Debug|Any CPU
		Release|Any CPU = Release|Any CPU
	EndGlobalSection
	GlobalSection(ProjectConfigurationPlatforms) = postSolution
		{2B2CF34D-66F5-42E2-9E97-41D91973D2B6}.Debug|Any CPU.ActiveCfg = Debug|Any CPU
		{2B2CF34D-66F5-42E2-9E97-41D91973D2B6}.Debug|Any CPU.Build.0 = Debug|Any CPU
		{2B2CF34D-66F5-42E2-9E97-41D91973D2B6}.Release|Any CPU.ActiveCfg = Release|Any CPU
		{2B2CF34D-66F5-42E2-9E97-41D91973D2B6}.Release|Any CPU.Build.0 = Release|Any CPU
		{E83DD48B-309B-40E4-9506-21CC04EB5462}.Debug|Any CPU.ActiveCfg = Debug|Any CPU
		{E83DD48B-309B-40E4-9506-21CC04EB5462}.Debug|Any CPU.Build.0 = Debug|Any CPU
		{E83DD48B-309B-40E4-9506-21CC04EB5462}.Release|Any CPU.ActiveCfg = Release|Any CPU
		{E83DD48B-309B-40E4-9506-21CC04EB5462}.Release|Any CPU.Build.0 = Release|Any CPU
	EndGlobalSection
	GlobalSection(SolutionProperties) = preSolution
		HideSolutionNode = FALSE
	EndGlobalSection
	GlobalSection(ExtensibilityGlobals) = postSolution
		SolutionGuid = {5CB6D1AA-CA1C-4E97-8FF9-17FC523A6C2C}
	EndGlobalSection
EndGlobal
